
Microsoft Visual Studio Solution File, Format Version 12.00
# Visual Studio 14
VisualStudioVersion = 14.0.25420.1
MinimumVisualStudioVersion = 10.0.40219.1
Project("{FAE04EC0-301F-11D3-BF4B-00C04F79EFBC}") = "GameServer", "GameServer\GameServer.csproj", "{450BFC4E-03B0-4C34-AA75-D1365DBB5469}"
EndProject
Project("{FAE04EC0-301F-11D3-BF4B-00C04F79EFBC}") = "DBServer", "DBServer\DBServer.csproj", "{8F9DED38-16AD-44A1-94CD-FDFFA9E7E701}"
EndProject
Global
	GlobalSection(SolutionConfigurationPlatforms) = preSolution
		Debug|Any CPU = Debug|Any CPU
		Release|Any CPU = Release|Any CPU
	EndGlobalSection
	GlobalSection(ProjectConfigurationPlatforms) = postSolution
		{450BFC4E-03B0-4C34-AA75-D1365DBB5469}.Debug|Any CPU.ActiveCfg = Debug|Any CPU
		{450BFC4E-03B0-4C34-AA75-D1365DBB5469}.Debug|Any CPU.Build.0 = Debug|Any CPU
		{450BFC4E-03B0-4C34-AA75-D1365DBB5469}.Release|Any CPU.ActiveCfg = Release|Any CPU
		{450BFC4E-03B0-4C34-AA75-D1365DBB5469}.Release|Any CPU.Build.0 = Release|Any CPU
		{8F9DED38-16AD-44A1-94CD-FDFFA9E7E701}.Debug|Any CPU.ActiveCfg = Debug|Any CPU
		{8F9DED38-16AD-44A1-94CD-FDFFA9E7E701}.Debug|Any CPU.Build.0 = Debug|Any CPU
		{8F9DED38-16AD-44A1-94CD-FDFFA9E7E701}.Release|Any CPU.ActiveCfg = Release|Any CPU
		{8F9DED38-16AD-44A1-94CD-FDFFA9E7E701}.Release|Any CPU.Build.0 = Release|Any CPU
	EndGlobalSection
	GlobalSection(SolutionProperties) = preSolution
		HideSolutionNode = FALSE
	EndGlobalSection
EndGlobal
