
Microsoft Visual Studio Solution File, Format Version 12.00
# Visual Studio 15
VisualStudioVersion = 15.0.26730.16
MinimumVisualStudioVersion = 10.0.40219.1
Project("{FAE04EC0-301F-11D3-BF4B-00C04F79EFBC}") = "GameServer", "GameServer\GameServer.csproj", "{450BFC4E-03B0-4C34-AA75-D1365DBB5469}"
	ProjectSection(ProjectDependencies) = postProject
		{9C36878F-F273-47DA-BED5-F907895EA263} = {9C36878F-F273-47DA-BED5-F907895EA263}
		{55F1FBCE-795F-48F4-9752-BB0265BFA628} = {55F1FBCE-795F-48F4-9752-BB0265BFA628}
	EndProjectSection
EndProject
Project("{FAE04EC0-301F-11D3-BF4B-00C04F79EFBC}") = "Protocl", "Protocl\Protocl.csproj", "{55F1FBCE-795F-48F4-9752-BB0265BFA628}"
EndProject
Project("{FAE04EC0-301F-11D3-BF4B-00C04F79EFBC}") = "Common", "Common\Common.csproj", "{9C36878F-F273-47DA-BED5-F907895EA263}"
	ProjectSection(ProjectDependencies) = postProject
		{55F1FBCE-795F-48F4-9752-BB0265BFA628} = {55F1FBCE-795F-48F4-9752-BB0265BFA628}
	EndProjectSection
EndProject
Project("{FAE04EC0-301F-11D3-BF4B-00C04F79EFBC}") = "BattleServer", "BattleServer\BattleServer.csproj", "{E59AF42D-1C99-4CDF-9C76-7AABC6D98FA9}"
	ProjectSection(ProjectDependencies) = postProject
		{9C36878F-F273-47DA-BED5-F907895EA263} = {9C36878F-F273-47DA-BED5-F907895EA263}
		{55F1FBCE-795F-48F4-9752-BB0265BFA628} = {55F1FBCE-795F-48F4-9752-BB0265BFA628}
	EndProjectSection
EndProject
Global
	GlobalSection(SolutionConfigurationPlatforms) = preSolution
		Debug|Any CPU = Debug|Any CPU
		Release|Any CPU = Release|Any CPU
	EndGlobalSection
	GlobalSection(ProjectConfigurationPlatforms) = postSolution
		{450BFC4E-03B0-4C34-AA75-D1365DBB5469}.Debug|Any CPU.ActiveCfg = Debug|Any CPU
		{450BFC4E-03B0-4C34-AA75-D1365DBB5469}.Debug|Any CPU.Build.0 = Debug|Any CPU
		{450BFC4E-03B0-4C34-AA75-D1365DBB5469}.Release|Any CPU.ActiveCfg = Release|Any CPU
		{450BFC4E-03B0-4C34-AA75-D1365DBB5469}.Release|Any CPU.Build.0 = Release|Any CPU
		{55F1FBCE-795F-48F4-9752-BB0265BFA628}.Debug|Any CPU.ActiveCfg = Debug|Any CPU
		{55F1FBCE-795F-48F4-9752-BB0265BFA628}.Debug|Any CPU.Build.0 = Debug|Any CPU
		{55F1FBCE-795F-48F4-9752-BB0265BFA628}.Release|Any CPU.ActiveCfg = Release|Any CPU
		{55F1FBCE-795F-48F4-9752-BB0265BFA628}.Release|Any CPU.Build.0 = Release|Any CPU
		{9C36878F-F273-47DA-BED5-F907895EA263}.Debug|Any CPU.ActiveCfg = Debug|Any CPU
		{9C36878F-F273-47DA-BED5-F907895EA263}.Debug|Any CPU.Build.0 = Debug|Any CPU
		{9C36878F-F273-47DA-BED5-F907895EA263}.Release|Any CPU.ActiveCfg = Release|Any CPU
		{9C36878F-F273-47DA-BED5-F907895EA263}.Release|Any CPU.Build.0 = Release|Any CPU
		{E59AF42D-1C99-4CDF-9C76-7AABC6D98FA9}.Debug|Any CPU.ActiveCfg = Debug|Any CPU
		{E59AF42D-1C99-4CDF-9C76-7AABC6D98FA9}.Debug|Any CPU.Build.0 = Debug|Any CPU
		{E59AF42D-1C99-4CDF-9C76-7AABC6D98FA9}.Release|Any CPU.ActiveCfg = Release|Any CPU
		{E59AF42D-1C99-4CDF-9C76-7AABC6D98FA9}.Release|Any CPU.Build.0 = Release|Any CPU
	EndGlobalSection
	GlobalSection(SolutionProperties) = preSolution
		HideSolutionNode = FALSE
	EndGlobalSection
	GlobalSection(ExtensibilityGlobals) = postSolution
		SolutionGuid = {C1987FD4-9C91-4BBA-96F8-6E16ADEAA992}
	EndGlobalSection
EndGlobal
